
Microsoft Visual Studio Solution File, Format Version 12.00
# Visual Studio Version 16
VisualStudioVersion = 25.0.1705.1
MinimumVisualStudioVersion = 10.0.40219.1
Project("{FAE04EC0-301F-11D3-BF4B-00C04F79EFBC}") = "QuickRecipes.WebSite", "QuickRecipes.WebSite.csproj", "{7273C2CE-673C-4B81-92DD-54B72B5FBC0A}"
EndProject
Global
	GlobalSection(SolutionConfigurationPlatforms) = preSolution
		Debug|Any CPU = Debug|Any CPU
		Release|Any CPU = Release|Any CPU
	EndGlobalSection
	GlobalSection(ProjectConfigurationPlatforms) = postSolution
		{7273C2CE-673C-4B81-92DD-54B72B5FBC0A}.Debug|Any CPU.ActiveCfg = Debug|Any CPU
		{7273C2CE-673C-4B81-92DD-54B72B5FBC0A}.Debug|Any CPU.Build.0 = Debug|Any CPU
		{7273C2CE-673C-4B81-92DD-54B72B5FBC0A}.Release|Any CPU.ActiveCfg = Release|Any CPU
		{7273C2CE-673C-4B81-92DD-54B72B5FBC0A}.Release|Any CPU.Build.0 = Release|Any CPU
	EndGlobalSection
	GlobalSection(SolutionProperties) = preSolution
		HideSolutionNode = FALSE
	EndGlobalSection
	GlobalSection(ExtensibilityGlobals) = postSolution
		SolutionGuid = {E58F795A-CD51-48D1-9A32-CD2232A1C11C}
	EndGlobalSection
EndGlobal
